// !$*UTF8*$!
{
	archiveVersion = 1;
	classes = {
	};
	objectVersion = 46;
	objects = {

/* Begin PBXBuildFile section */
		2175E09A1F6C30FF00805C0E /* AppDelegate.swift in Sources */ = {isa = PBXBuildFile; fileRef = 2175E0991F6C30FF00805C0E /* AppDelegate.swift */; };
		2175E09C1F6C30FF00805C0E /* ViewController.swift in Sources */ = {isa = PBXBuildFile; fileRef = 2175E09B1F6C30FF00805C0E /* ViewController.swift */; };
		2175E09F1F6C30FF00805C0E /* Main.storyboard in Resources */ = {isa = PBXBuildFile; fileRef = 2175E09D1F6C30FF00805C0E /* Main.storyboard */; };
		2175E0A21F6C30FF00805C0E /* UpdatedCoreDataExampleInSwift.xcdatamodeld in Sources */ = {isa = PBXBuildFile; fileRef = 2175E0A01F6C30FF00805C0E /* UpdatedCoreDataExampleInSwift.xcdatamodeld */; };
		2175E0A41F6C30FF00805C0E /* Assets.xcassets in Resources */ = {isa = PBXBuildFile; fileRef = 2175E0A31F6C30FF00805C0E /* Assets.xcassets */; };
		2175E0A71F6C30FF00805C0E /* LaunchScreen.storyboard in Resources */ = {isa = PBXBuildFile; fileRef = 2175E0A51F6C30FF00805C0E /* LaunchScreen.storyboard */; };
		2175E0B21F6C30FF00805C0E /* UpdatedCoreDataExampleInSwiftTests.swift in Sources */ = {isa = PBXBuildFile; fileRef = 2175E0B11F6C30FF00805C0E /* UpdatedCoreDataExampleInSwiftTests.swift */; };
		2175E0BD1F6C30FF00805C0E /* UpdatedCoreDataExampleInSwiftUITests.swift in Sources */ = {isa = PBXBuildFile; fileRef = 2175E0BC1F6C30FF00805C0E /* UpdatedCoreDataExampleInSwiftUITests.swift */; };
		2175E0CB1F6C31C000805C0E /* DatabaseController.swift in Sources */ = {isa = PBXBuildFile; fileRef = 2175E0CA1F6C31C000805C0E /* DatabaseController.swift */; };
		2175E0E01F6C34CA00805C0E /* Category+CoreDataClass.swift in Sources */ = {isa = PBXBuildFile; fileRef = 2175E0DC1F6C34CA00805C0E /* Category+CoreDataClass.swift */; };
		2175E0E11F6C34CA00805C0E /* Category+CoreDataProperties.swift in Sources */ = {isa = PBXBuildFile; fileRef = 2175E0DD1F6C34CA00805C0E /* Category+CoreDataProperties.swift */; };
		2175E0E21F6C34CA00805C0E /* Titles+CoreDataClass.swift in Sources */ = {isa = PBXBuildFile; fileRef = 2175E0DE1F6C34CA00805C0E /* Titles+CoreDataClass.swift */; };
		2175E0E31F6C34CA00805C0E /* Titles+CoreDataProperties.swift in Sources */ = {isa = PBXBuildFile; fileRef = 2175E0DF1F6C34CA00805C0E /* Titles+CoreDataProperties.swift */; };
/* End PBXBuildFile section */

/* Begin PBXContainerItemProxy section */
		2175E0AE1F6C30FF00805C0E /* PBXContainerItemProxy */ = {
			isa = PBXContainerItemProxy;
			containerPortal = 2175E08E1F6C30FF00805C0E /* Project object */;
			proxyType = 1;
			remoteGlobalIDString = 2175E0951F6C30FF00805C0E;
			remoteInfo = UpdatedCoreDataExampleInSwift;
		};
		2175E0B91F6C30FF00805C0E /* PBXContainerItemProxy */ = {
			isa = PBXContainerItemProxy;
			containerPortal = 2175E08E1F6C30FF00805C0E /* Project object */;
			proxyType = 1;
			remoteGlobalIDString = 2175E0951F6C30FF00805C0E;
			remoteInfo = UpdatedCoreDataExampleInSwift;
		};
/* End PBXContainerItemProxy section */

/* Begin PBXFileReference section */
		2175E0961F6C30FF00805C0E /* UpdatedCoreDataExampleInSwift.app */ = {isa = PBXFileReference; explicitFileType = wrapper.application; includeInIndex = 0; path = UpdatedCoreDataExampleInSwift.app; sourceTree = BUILT_PRODUCTS_DIR; };
		2175E0991F6C30FF00805C0E /* AppDelegate.swift */ = {isa = PBXFileReference; lastKnownFileType = sourcecode.swift; path = AppDelegate.swift; sourceTree = "<group>"; };
		2175E09B1F6C30FF00805C0E /* ViewController.swift */ = {isa = PBXFileReference; lastKnownFileType = sourcecode.swift; path = ViewController.swift; sourceTree = "<group>"; };
		2175E09E1F6C30FF00805C0E /* Base */ = {isa = PBXFileReference; lastKnownFileType = file.storyboard; name = Base; path = Base.lproj/Main.storyboard; sourceTree = "<group>"; };
		2175E0A11F6C30FF00805C0E /* UpdatedCoreDataExampleInSwift.xcdatamodel */ = {isa = PBXFileReference; lastKnownFileType = wrapper.xcdatamodel; path = UpdatedCoreDataExampleInSwift.xcdatamodel; sourceTree = "<group>"; };
		2175E0A31F6C30FF00805C0E /* Assets.xcassets */ = {isa = PBXFileReference; lastKnownFileType = folder.assetcatalog; path = Assets.xcassets; sourceTree = "<group>"; };
		2175E0A61F6C30FF00805C0E /* Base */ = {isa = PBXFileReference; lastKnownFileType = file.storyboard; name = Base; path = Base.lproj/LaunchScreen.storyboard; sourceTree = "<group>"; };
		2175E0A81F6C30FF00805C0E /* Info.plist */ = {isa = PBXFileReference; lastKnownFileType = text.plist.xml; path = Info.plist; sourceTree = "<group>"; };
		2175E0AD1F6C30FF00805C0E /* UpdatedCoreDataExampleInSwiftTests.xctest */ = {isa = PBXFileReference; explicitFileType = wrapper.cfbundle; includeInIndex = 0; path = UpdatedCoreDataExampleInSwiftTests.xctest; sourceTree = BUILT_PRODUCTS_DIR; };
		2175E0B11F6C30FF00805C0E /* UpdatedCoreDataExampleInSwiftTests.swift */ = {isa = PBXFileReference; lastKnownFileType = sourcecode.swift; path = UpdatedCoreDataExampleInSwiftTests.swift; sourceTree = "<group>"; };
		2175E0B31F6C30FF00805C0E /* Info.plist */ = {isa = PBXFileReference; lastKnownFileType = text.plist.xml; path = Info.plist; sourceTree = "<group>"; };
		2175E0B81F6C30FF00805C0E /* UpdatedCoreDataExampleInSwiftUITests.xctest */ = {isa = PBXFileReference; explicitFileType = wrapper.cfbundle; includeInIndex = 0; path = UpdatedCoreDataExampleInSwiftUITests.xctest; sourceTree = BUILT_PRODUCTS_DIR; };
		2175E0BC1F6C30FF00805C0E /* UpdatedCoreDataExampleInSwiftUITests.swift */ = {isa = PBXFileReference; lastKnownFileType = sourcecode.swift; path = UpdatedCoreDataExampleInSwiftUITests.swift; sourceTree = "<group>"; };
		2175E0BE1F6C30FF00805C0E /* Info.plist */ = {isa = PBXFileReference; lastKnownFileType = text.plist.xml; path = Info.plist; sourceTree = "<group>"; };
		2175E0CA1F6C31C000805C0E /* DatabaseController.swift */ = {isa = PBXFileReference; fileEncoding = 4; lastKnownFileType = sourcecode.swift; path = DatabaseController.swift; sourceTree = "<group>"; };
		2175E0DC1F6C34CA00805C0E /* Category+CoreDataClass.swift */ = {isa = PBXFileReference; fileEncoding = 4; lastKnownFileType = sourcecode.swift; path = "Category+CoreDataClass.swift"; sourceTree = "<group>"; };
		2175E0DD1F6C34CA00805C0E /* Category+CoreDataProperties.swift */ = {isa = PBXFileReference; fileEncoding = 4; lastKnownFileType = sourcecode.swift; path = "Category+CoreDataProperties.swift"; sourceTree = "<group>"; };
		2175E0DE1F6C34CA00805C0E /* Titles+CoreDataClass.swift */ = {isa = PBXFileReference; fileEncoding = 4; lastKnownFileType = sourcecode.swift; path = "Titles+CoreDataClass.swift"; sourceTree = "<group>"; };
		2175E0DF1F6C34CA00805C0E /* Titles+CoreDataProperties.swift */ = {isa = PBXFileReference; fileEncoding = 4; lastKnownFileType = sourcecode.swift; path = "Titles+CoreDataProperties.swift"; sourceTree = "<group>"; };
/* End PBXFileReference section */

/* Begin PBXFrameworksBuildPhase section */
		2175E0931F6C30FF00805C0E /* Frameworks */ = {
			isa = PBXFrameworksBuildPhase;
			buildActionMask = 2147483647;
			files = (
			);
			runOnlyForDeploymentPostprocessing = 0;
		};
		2175E0AA1F6C30FF00805C0E /* Frameworks */ = {
			isa = PBXFrameworksBuildPhase;
			buildActionMask = 2147483647;
			files = (
			);
			runOnlyForDeploymentPostprocessing = 0;
		};
		2175E0B51F6C30FF00805C0E /* Frameworks */ = {
			isa = PBXFrameworksBuildPhase;
			buildActionMask = 2147483647;
			files = (
			);
			runOnlyForDeploymentPostprocessing = 0;
		};
/* End PBXFrameworksBuildPhase section */

/* Begin PBXGroup section */
		2175E08D1F6C30FF00805C0E = {
			isa = PBXGroup;
			children = (
				2175E0981F6C30FF00805C0E /* UpdatedCoreDataExampleInSwift */,
				2175E0B01F6C30FF00805C0E /* UpdatedCoreDataExampleInSwiftTests */,
				2175E0BB1F6C30FF00805C0E /* UpdatedCoreDataExampleInSwiftUITests */,
				2175E0971F6C30FF00805C0E /* Products */,
			);
			sourceTree = "<group>";
		};
		2175E0971F6C30FF00805C0E /* Products */ = {
			isa = PBXGroup;
			children = (
				2175E0961F6C30FF00805C0E /* UpdatedCoreDataExampleInSwift.app */,
				2175E0AD1F6C30FF00805C0E /* UpdatedCoreDataExampleInSwiftTests.xctest */,
				2175E0B81F6C30FF00805C0E /* UpdatedCoreDataExampleInSwiftUITests.xctest */,
			);
			name = Products;
			sourceTree = "<group>";
		};
		2175E0981F6C30FF00805C0E /* UpdatedCoreDataExampleInSwift */ = {
			isa = PBXGroup;
			children = (
				2175E0991F6C30FF00805C0E /* AppDelegate.swift */,
				2175E09B1F6C30FF00805C0E /* ViewController.swift */,
				2175E0CA1F6C31C000805C0E /* DatabaseController.swift */,
				2175E09D1F6C30FF00805C0E /* Main.storyboard */,
				2175E0A31F6C30FF00805C0E /* Assets.xcassets */,
				2175E0A51F6C30FF00805C0E /* LaunchScreen.storyboard */,
				2175E0A81F6C30FF00805C0E /* Info.plist */,
				2175E0A01F6C30FF00805C0E /* UpdatedCoreDataExampleInSwift.xcdatamodeld */,
				2175E0E41F6C34FE00805C0E /* CoreDataModel */,
			);
			path = UpdatedCoreDataExampleInSwift;
			sourceTree = "<group>";
		};
		2175E0B01F6C30FF00805C0E /* UpdatedCoreDataExampleInSwiftTests */ = {
			isa = PBXGroup;
			children = (
				2175E0B11F6C30FF00805C0E /* UpdatedCoreDataExampleInSwiftTests.swift */,
				2175E0B31F6C30FF00805C0E /* Info.plist */,
			);
			path = UpdatedCoreDataExampleInSwiftTests;
			sourceTree = "<group>";
		};
		2175E0BB1F6C30FF00805C0E /* UpdatedCoreDataExampleInSwiftUITests */ = {
			isa = PBXGroup;
			children = (
				2175E0BC1F6C30FF00805C0E /* UpdatedCoreDataExampleInSwiftUITests.swift */,
				2175E0BE1F6C30FF00805C0E /* Info.plist */,
			);
			path = UpdatedCoreDataExampleInSwiftUITests;
			sourceTree = "<group>";
		};
		2175E0E41F6C34FE00805C0E /* CoreDataModel */ = {
			isa = PBXGroup;
			children = (
				2175E0DC1F6C34CA00805C0E /* Category+CoreDataClass.swift */,
				2175E0DD1F6C34CA00805C0E /* Category+CoreDataProperties.swift */,
				2175E0DE1F6C34CA00805C0E /* Titles+CoreDataClass.swift */,
				2175E0DF1F6C34CA00805C0E /* Titles+CoreDataProperties.swift */,
			);
			name = CoreDataModel;
			sourceTree = "<group>";
		};
/* End PBXGroup section */

/* Begin PBXNativeTarget section */
		2175E0951F6C30FF00805C0E /* UpdatedCoreDataExampleInSwift */ = {
			isa = PBXNativeTarget;
			buildConfigurationList = 2175E0C11F6C30FF00805C0E /* Build configuration list for PBXNativeTarget "UpdatedCoreDataExampleInSwift" */;
			buildPhases = (
				2175E0921F6C30FF00805C0E /* Sources */,
				2175E0931F6C30FF00805C0E /* Frameworks */,
				2175E0941F6C30FF00805C0E /* Resources */,
			);
			buildRules = (
			);
			dependencies = (
			);
			name = UpdatedCoreDataExampleInSwift;
			productName = UpdatedCoreDataExampleInSwift;
			productReference = 2175E0961F6C30FF00805C0E /* UpdatedCoreDataExampleInSwift.app */;
			productType = "com.apple.product-type.application";
		};
		2175E0AC1F6C30FF00805C0E /* UpdatedCoreDataExampleInSwiftTests */ = {
			isa = PBXNativeTarget;
			buildConfigurationList = 2175E0C41F6C30FF00805C0E /* Build configuration list for PBXNativeTarget "UpdatedCoreDataExampleInSwiftTests" */;
			buildPhases = (
				2175E0A91F6C30FF00805C0E /* Sources */,
				2175E0AA1F6C30FF00805C0E /* Frameworks */,
				2175E0AB1F6C30FF00805C0E /* Resources */,
			);
			buildRules = (
			);
			dependencies = (
				2175E0AF1F6C30FF00805C0E /* PBXTargetDependency */,
			);
			name = UpdatedCoreDataExampleInSwiftTests;
			productName = UpdatedCoreDataExampleInSwiftTests;
			productReference = 2175E0AD1F6C30FF00805C0E /* UpdatedCoreDataExampleInSwiftTests.xctest */;
			productType = "com.apple.product-type.bundle.unit-test";
		};
		2175E0B71F6C30FF00805C0E /* UpdatedCoreDataExampleInSwiftUITests */ = {
			isa = PBXNativeTarget;
			buildConfigurationList = 2175E0C71F6C30FF00805C0E /* Build configuration list for PBXNativeTarget "UpdatedCoreDataExampleInSwiftUITests" */;
			buildPhases = (
				2175E0B41F6C30FF00805C0E /* Sources */,
				2175E0B51F6C30FF00805C0E /* Frameworks */,
				2175E0B61F6C30FF00805C0E /* Resources */,
			);
			buildRules = (
			);
			dependencies = (
				2175E0BA1F6C30FF00805C0E /* PBXTargetDependency */,
			);
			name = UpdatedCoreDataExampleInSwiftUITests;
			productName = UpdatedCoreDataExampleInSwiftUITests;
			productReference = 2175E0B81F6C30FF00805C0E /* UpdatedCoreDataExampleInSwiftUITests.xctest */;
			productType = "com.apple.product-type.bundle.ui-testing";
		};
/* End PBXNativeTarget section */

/* Begin PBXProject section */
		2175E08E1F6C30FF00805C0E /* Project object */ = {
			isa = PBXProject;
			attributes = {
				LastSwiftUpdateCheck = 0820;
				LastUpgradeCheck = 0820;
				ORGANIZATIONNAME = "Vasudha J";
				TargetAttributes = {
					2175E0951F6C30FF00805C0E = {
						CreatedOnToolsVersion = 8.2.1;
						ProvisioningStyle = Automatic;
					};
					2175E0AC1F6C30FF00805C0E = {
						CreatedOnToolsVersion = 8.2.1;
						ProvisioningStyle = Automatic;
						TestTargetID = 2175E0951F6C30FF00805C0E;
					};
					2175E0B71F6C30FF00805C0E = {
						CreatedOnToolsVersion = 8.2.1;
						ProvisioningStyle = Automatic;
						TestTargetID = 2175E0951F6C30FF00805C0E;
					};
				};
			};
			buildConfigurationList = 2175E0911F6C30FF00805C0E /* Build configuration list for PBXProject "UpdatedCoreDataExampleInSwift" */;
			compatibilityVersion = "Xcode 3.2";
			developmentRegion = English;
			hasScannedForEncodings = 0;
			knownRegions = (
				en,
				Base,
			);
			mainGroup = 2175E08D1F6C30FF00805C0E;
			productRefGroup = 2175E0971F6C30FF00805C0E /* Products */;
			projectDirPath = "";
			projectRoot = "";
			targets = (
				2175E0951F6C30FF00805C0E /* UpdatedCoreDataExampleInSwift */,
				2175E0AC1F6C30FF00805C0E /* UpdatedCoreDataExampleInSwiftTests */,
				2175E0B71F6C30FF00805C0E /* UpdatedCoreDataExampleInSwiftUITests */,
			);
		};
/* End PBXProject section */

/* Begin PBXResourcesBuildPhase section */
		2175E0941F6C30FF00805C0E /* Resources */ = {
			isa = PBXResourcesBuildPhase;
			buildActionMask = 2147483647;
			files = (
				2175E0A71F6C30FF00805C0E /* LaunchScreen.storyboard in Resources */,
				2175E0A41F6C30FF00805C0E /* Assets.xcassets in Resources */,
				2175E09F1F6C30FF00805C0E /* Main.storyboard in Resources */,
			);
			runOnlyForDeploymentPostprocessing = 0;
		};
		2175E0AB1F6C30FF00805C0E /* Resources */ = {
			isa = PBXResourcesBuildPhase;
			buildActionMask = 2147483647;
			files = (
			);
			runOnlyForDeploymentPostprocessing = 0;
		};
		2175E0B61F6C30FF00805C0E /* Resources */ = {
			isa = PBXResourcesBuildPhase;
			buildActionMask = 2147483647;
			files = (
			);
			runOnlyForDeploymentPostprocessing = 0;
		};
/* End PBXResourcesBuildPhase section */

/* Begin PBXSourcesBuildPhase section */
		2175E0921F6C30FF00805C0E /* Sources */ = {
			isa = PBXSourcesBuildPhase;
			buildActionMask = 2147483647;
			files = (
				2175E0CB1F6C31C000805C0E /* DatabaseController.swift in Sources */,
				2175E0E11F6C34CA00805C0E /* Category+CoreDataProperties.swift in Sources */,
				2175E0E31F6C34CA00805C0E /* Titles+CoreDataProperties.swift in Sources */,
				2175E0E21F6C34CA00805C0E /* Titles+CoreDataClass.swift in Sources */,
				2175E09C1F6C30FF00805C0E /* ViewController.swift in Sources */,
				2175E0A21F6C30FF00805C0E /* UpdatedCoreDataExampleInSwift.xcdatamodeld in Sources */,
				2175E0E01F6C34CA00805C0E /* Category+CoreDataClass.swift in Sources */,
				2175E09A1F6C30FF00805C0E /* AppDelegate.swift in Sources */,
			);
			runOnlyForDeploymentPostprocessing = 0;
		};
		2175E0A91F6C30FF00805C0E /* Sources */ = {
			isa = PBXSourcesBuildPhase;
			buildActionMask = 2147483647;
			files = (
				2175E0B21F6C30FF00805C0E /* UpdatedCoreDataExampleInSwiftTests.swift in Sources */,
			);
			runOnlyForDeploymentPostprocessing = 0;
		};
		2175E0B41F6C30FF00805C0E /* Sources */ = {
			isa = PBXSourcesBuildPhase;
			buildActionMask = 2147483647;
			files = (
				2175E0BD1F6C30FF00805C0E /* UpdatedCoreDataExampleInSwiftUITests.swift in Sources */,
			);
			runOnlyForDeploymentPostprocessing = 0;
		};
/* End PBXSourcesBuildPhase section */

/* Begin PBXTargetDependency section */
		2175E0AF1F6C30FF00805C0E /* PBXTargetDependency */ = {
			isa = PBXTargetDependency;
			target = 2175E0951F6C30FF00805C0E /* UpdatedCoreDataExampleInSwift */;
			targetProxy = 2175E0AE1F6C30FF00805C0E /* PBXContainerItemProxy */;
		};
		2175E0BA1F6C30FF00805C0E /* PBXTargetDependency */ = {
			isa = PBXTargetDependency;
			target = 2175E0951F6C30FF00805C0E /* UpdatedCoreDataExampleInSwift */;
			targetProxy = 2175E0B91F6C30FF00805C0E /* PBXContainerItemProxy */;
		};
/* End PBXTargetDependency section */

/* Begin PBXVariantGroup section */
		2175E09D1F6C30FF00805C0E /* Main.storyboard */ = {
			isa = PBXVariantGroup;
			children = (
				2175E09E1F6C30FF00805C0E /* Base */,
			);
			name = Main.storyboard;
			sourceTree = "<group>";
		};
		2175E0A51F6C30FF00805C0E /* LaunchScreen.storyboard */ = {
			isa = PBXVariantGroup;
			children = (
				2175E0A61F6C30FF00805C0E /* Base */,
			);
			name = LaunchScreen.storyboard;
			sourceTree = "<group>";
		};
/* End PBXVariantGroup section */

/* Begin XCBuildConfiguration section */
		2175E0BF1F6C30FF00805C0E /* Debug */ = {
			isa = XCBuildConfiguration;
			buildSettings = {
				ALWAYS_SEARCH_USER_PATHS = NO;
				CLANG_ANALYZER_NONNULL = YES;
				CLANG_CXX_LANGUAGE_STANDARD = "gnu++0x";
				CLANG_CXX_LIBRARY = "libc++";
				CLANG_ENABLE_MODULES = YES;
				CLANG_ENABLE_OBJC_ARC = YES;
				CLANG_WARN_BOOL_CONVERSION = YES;
				CLANG_WARN_CONSTANT_CONVERSION = YES;
				CLANG_WARN_DIRECT_OBJC_ISA_USAGE = YES_ERROR;
				CLANG_WARN_DOCUMENTATION_COMMENTS = YES;
				CLANG_WARN_EMPTY_BODY = YES;
				CLANG_WARN_ENUM_CONVERSION = YES;
				CLANG_WARN_INFINITE_RECURSION = YES;
				CLANG_WARN_INT_CONVERSION = YES;
				CLANG_WARN_OBJC_ROOT_CLASS = YES_ERROR;
				CLANG_WARN_SUSPICIOUS_MOVE = YES;
				CLANG_WARN_UNREACHABLE_CODE = YES;
				CLANG_WARN__DUPLICATE_METHOD_MATCH = YES;
				"CODE_SIGN_IDENTITY[sdk=iphoneos*]" = "iPhone Developer";
				COPY_PHASE_STRIP = NO;
				DEBUG_INFORMATION_FORMAT = dwarf;
				ENABLE_STRICT_OBJC_MSGSEND = YES;
				ENABLE_TESTABILITY = YES;
				GCC_C_LANGUAGE_STANDARD = gnu99;
				GCC_DYNAMIC_NO_PIC = NO;
				GCC_NO_COMMON_BLOCKS = YES;
				GCC_OPTIMIZATION_LEVEL = 0;
				GCC_PREPROCESSOR_DEFINITIONS = (
					"DEBUG=1",
					"$(inherited)",
				);
				GCC_WARN_64_TO_32_BIT_CONVERSION = YES;
				GCC_WARN_ABOUT_RETURN_TYPE = YES_ERROR;
				GCC_WARN_UNDECLARED_SELECTOR = YES;
				GCC_WARN_UNINITIALIZED_AUTOS = YES_AGGRESSIVE;
				GCC_WARN_UNUSED_FUNCTION = YES;
				GCC_WARN_UNUSED_VARIABLE = YES;
				IPHONEOS_DEPLOYMENT_TARGET = 10.2;
				MTL_ENABLE_DEBUG_INFO = YES;
				ONLY_ACTIVE_ARCH = YES;
				SDKROOT = iphoneos;
				SWIFT_ACTIVE_COMPILATION_CONDITIONS = DEBUG;
				SWIFT_OPTIMIZATION_LEVEL = "-Onone";
				TARGETED_DEVICE_FAMILY = "1,2";
			};
			name = Debug;
		};
		2175E0C01F6C30FF00805C0E /* Release */ = {
			isa = XCBuildConfiguration;
			buildSettings = {
				ALWAYS_SEARCH_USER_PATHS = NO;
				CLANG_ANALYZER_NONNULL = YES;
				CLANG_CXX_LANGUAGE_STANDARD = "gnu++0x";
				CLANG_CXX_LIBRARY = "libc++";
				CLANG_ENABLE_MODULES = YES;
				CLANG_ENABLE_OBJC_ARC = YES;
				CLANG_WARN_BOOL_CONVERSION = YES;
				CLANG_WARN_CONSTANT_CONVERSION = YES;
				CLANG_WARN_DIRECT_OBJC_ISA_USAGE = YES_ERROR;
				CLANG_WARN_DOCUMENTATION_COMMENTS = YES;
				CLANG_WARN_EMPTY_BODY = YES;
				CLANG_WARN_ENUM_CONVERSION = YES;
				CLANG_WARN_INFINITE_RECURSION = YES;
				CLANG_WARN_INT_CONVERSION = YES;
				CLANG_WARN_OBJC_ROOT_CLASS = YES_ERROR;
				CLANG_WARN_SUSPICIOUS_MOVE = YES;
				CLANG_WARN_UNREACHABLE_CODE = YES;
				CLANG_WARN__DUPLICATE_METHOD_MATCH = YES;
				"CODE_SIGN_IDENTITY[sdk=iphoneos*]" = "iPhone Developer";
				COPY_PHASE_STRIP = NO;
				DEBUG_INFORMATION_FORMAT = "dwarf-with-dsym";
				ENABLE_NS_ASSERTIONS = NO;
				ENABLE_STRICT_OBJC_MSGSEND = YES;
				GCC_C_LANGUAGE_STANDARD = gnu99;
				GCC_NO_COMMON_BLOCKS = YES;
				GCC_WARN_64_TO_32_BIT_CONVERSION = YES;
				GCC_WARN_ABOUT_RETURN_TYPE = YES_ERROR;
				GCC_WARN_UNDECLARED_SELECTOR = YES;
				GCC_WARN_UNINITIALIZED_AUTOS = YES_AGGRESSIVE;
				GCC_WARN_UNUSED_FUNCTION = YES;
				GCC_WARN_UNUSED_VARIABLE = YES;
				IPHONEOS_DEPLOYMENT_TARGET = 10.2;
				MTL_ENABLE_DEBUG_INFO = NO;
				SDKROOT = iphoneos;
				SWIFT_OPTIMIZATION_LEVEL = "-Owholemodule";
				TARGETED_DEVICE_FAMILY = "1,2";
				VALIDATE_PRODUCT = YES;
			};
			name = Release;
		};
		2175E0C21F6C30FF00805C0E /* Debug */ = {
			isa = XCBuildConfiguration;
			buildSettings = {
				ASSETCATALOG_COMPILER_APPICON_NAME = AppIcon;
				INFOPLIST_FILE = UpdatedCoreDataExampleInSwift/Info.plist;
				LD_RUNPATH_SEARCH_PATHS = "$(inherited) @executable_path/Frameworks";
				PRODUCT_BUNDLE_IDENTIFIER = com.vasudha.AddLocationsinMaps.UpdatedCoreDataExampleInSwift;
				PRODUCT_NAME = "$(TARGET_NAME)";
				SWIFT_VERSION = 3.0;
			};
			name = Debug;
		};
		2175E0C31F6C30FF00805C0E /* Release */ = {
			isa = XCBuildConfiguration;
			buildSettings = {
				ASSETCATALOG_COMPILER_APPICON_NAME = AppIcon;
				INFOPLIST_FILE = UpdatedCoreDataExampleInSwift/Info.plist;
				LD_RUNPATH_SEARCH_PATHS = "$(inherited) @executable_path/Frameworks";
				PRODUCT_BUNDLE_IDENTIFIER = com.vasudha.AddLocationsinMaps.UpdatedCoreDataExampleInSwift;
				PRODUCT_NAME = "$(TARGET_NAME)";
				SWIFT_VERSION = 3.0;
			};
			name = Release;
		};
		2175E0C51F6C30FF00805C0E /* Debug */ = {
			isa = XCBuildConfiguration;
			buildSettings = {
				ALWAYS_EMBED_SWIFT_STANDARD_LIBRARIES = YES;
				BUNDLE_LOADER = "$(TEST_HOST)";
				INFOPLIST_FILE = UpdatedCoreDataExampleInSwiftTests/Info.plist;
				LD_RUNPATH_SEARCH_PATHS = "$(inherited) @executable_path/Frameworks @loader_path/Frameworks";
				PRODUCT_BUNDLE_IDENTIFIER = com.vasudha.AddLocationsinMaps.UpdatedCoreDataExampleInSwiftTests;
				PRODUCT_NAME = "$(TARGET_NAME)";
				SWIFT_VERSION = 3.0;
				TEST_HOST = "$(BUILT_PRODUCTS_DIR)/UpdatedCoreDataExampleInSwift.app/UpdatedCoreDataExampleInSwift";
			};
			name = Debug;
		};
		2175E0C61F6C30FF00805C0E /* Release */ = {
			isa = XCBuildConfiguration;
			buildSettings = {
				ALWAYS_EMBED_SWIFT_STANDARD_LIBRARIES = YES;
				BUNDLE_LOADER = "$(TEST_HOST)";
				INFOPLIST_FILE = UpdatedCoreDataExampleInSwiftTests/Info.plist;
				LD_RUNPATH_SEARCH_PATHS = "$(inherited) @executable_path/Frameworks @loader_path/Frameworks";
				PRODUCT_BUNDLE_IDENTIFIER = com.vasudha.AddLocationsinMaps.UpdatedCoreDataExampleInSwiftTests;
				PRODUCT_NAME = "$(TARGET_NAME)";
				SWIFT_VERSION = 3.0;
				TEST_HOST = "$(BUILT_PRODUCTS_DIR)/UpdatedCoreDataExampleInSwift.app/UpdatedCoreDataExampleInSwift";
			};
			name = Release;
		};
		2175E0C81F6C30FF00805C0E /* Debug */ = {
			isa = XCBuildConfiguration;
			buildSettings = {
				ALWAYS_EMBED_SWIFT_STANDARD_LIBRARIES = YES;
				INFOPLIST_FILE = UpdatedCoreDataExampleInSwiftUITests/Info.plist;
				LD_RUNPATH_SEARCH_PATHS = "$(inherited) @executable_path/Frameworks @loader_path/Frameworks";
				PRODUCT_BUNDLE_IDENTIFIER = com.vasudha.AddLocationsinMaps.UpdatedCoreDataExampleInSwiftUITests;
				PRODUCT_NAME = "$(TARGET_NAME)";
				SWIFT_VERSION = 3.0;
				TEST_TARGET_NAME = UpdatedCoreDataExampleInSwift;
			};
			name = Debug;
		};
		2175E0C91F6C30FF00805C0E /* Release */ = {
			isa = XCBuildConfiguration;
			buildSettings = {
				ALWAYS_EMBED_SWIFT_STANDARD_LIBRARIES = YES;
				INFOPLIST_FILE = UpdatedCoreDataExampleInSwiftUITests/Info.plist;
				LD_RUNPATH_SEARCH_PATHS = "$(inherited) @executable_path/Frameworks @loader_path/Frameworks";
				PRODUCT_BUNDLE_IDENTIFIER = com.vasudha.AddLocationsinMaps.UpdatedCoreDataExampleInSwiftUITests;
				PRODUCT_NAME = "$(TARGET_NAME)";
				SWIFT_VERSION = 3.0;
				TEST_TARGET_NAME = UpdatedCoreDataExampleInSwift;
			};
			name = Release;
		};
/* End XCBuildConfiguration section */

/* Begin XCConfigurationList section */
		2175E0911F6C30FF00805C0E /* Build configuration list for PBXProject "UpdatedCoreDataExampleInSwift" */ = {
			isa = XCConfigurationList;
			buildConfigurations = (
				2175E0BF1F6C30FF00805C0E /* Debug */,
				2175E0C01F6C30FF00805C0E /* Release */,
			);
			defaultConfigurationIsVisible = 0;
			defaultConfigurationName = Release;
		};
		2175E0C11F6C30FF00805C0E /* Build configuration list for PBXNativeTarget "UpdatedCoreDataExampleInSwift" */ = {
			isa = XCConfigurationList;
			buildConfigurations = (
				2175E0C21F6C30FF00805C0E /* Debug */,
				2175E0C31F6C30FF00805C0E /* Release */,
			);
			defaultConfigurationIsVisible = 0;
		};
		2175E0C41F6C30FF00805C0E /* Build configuration list for PBXNativeTarget "UpdatedCoreDataExampleInSwiftTests" */ = {
			isa = XCConfigurationList;
			buildConfigurations = (
				2175E0C51F6C30FF00805C0E /* Debug */,
				2175E0C61F6C30FF00805C0E /* Release */,
			);
			defaultConfigurationIsVisible = 0;
		};
		2175E0C71F6C30FF00805C0E /* Build configuration list for PBXNativeTarget "UpdatedCoreDataExampleInSwiftUITests" */ = {
			isa = XCConfigurationList;
			buildConfigurations = (
				2175E0C81F6C30FF00805C0E /* Debug */,
				2175E0C91F6C30FF00805C0E /* Release */,
			);
			defaultConfigurationIsVisible = 0;
		};
/* End XCConfigurationList section */

/* Begin XCVersionGroup section */
		2175E0A01F6C30FF00805C0E /* UpdatedCoreDataExampleInSwift.xcdatamodeld */ = {
			isa = XCVersionGroup;
			children = (
				2175E0A11F6C30FF00805C0E /* UpdatedCoreDataExampleInSwift.xcdatamodel */,
			);
			currentVersion = 2175E0A11F6C30FF00805C0E /* UpdatedCoreDataExampleInSwift.xcdatamodel */;
			path = UpdatedCoreDataExampleInSwift.xcdatamodeld;
			sourceTree = "<group>";
			versionGroupType = wrapper.xcdatamodel;
		};
/* End XCVersionGroup section */
	};
	rootObject = 2175E08E1F6C30FF00805C0E /* Project object */;
}
